
Microsoft Visual Studio Solution File, Format Version 12.00
# Visual Studio Version 16
VisualStudioVersion = 16.0.30413.136
MinimumVisualStudioVersion = 10.0.40219.1
Project("{9A19103F-16F7-4668-BE54-9A1E7A4F7556}") = "BlockBuster", "BlockBuster\BlockBuster.csproj", "{BE406BE4-349F-486E-8F7B-86A37E4F652A}"
EndProject
Global
	GlobalSection(SolutionConfigurationPlatforms) = preSolution
		Debug|Any CPU = Debug|Any CPU
		Release|Any CPU = Release|Any CPU
	EndGlobalSection
	GlobalSection(ProjectConfigurationPlatforms) = postSolution
		{BE406BE4-349F-486E-8F7B-86A37E4F652A}.Debug|Any CPU.ActiveCfg = Debug|Any CPU
		{BE406BE4-349F-486E-8F7B-86A37E4F652A}.Debug|Any CPU.Build.0 = Debug|Any CPU
		{BE406BE4-349F-486E-8F7B-86A37E4F652A}.Release|Any CPU.ActiveCfg = Release|Any CPU
		{BE406BE4-349F-486E-8F7B-86A37E4F652A}.Release|Any CPU.Build.0 = Release|Any CPU
	EndGlobalSection
	GlobalSection(SolutionProperties) = preSolution
		HideSolutionNode = FALSE
	EndGlobalSection
	GlobalSection(ExtensibilityGlobals) = postSolution
		SolutionGuid = {EBFB5F72-5026-4ABB-9A27-CB700DFF3E26}
	EndGlobalSection
EndGlobal
